
Microsoft Visual Studio Solution File, Format Version 11.00
# Visual Studio 2010
Project("{FAE04EC0-301F-11D3-BF4B-00C04F79EFBC}") = "RunLogged", "Src\RunLogged.csproj", "{2F9AA366-D5E7-41D5-84C9-5E6F2BE47BB1}"
EndProject
Project("{FAE04EC0-301F-11D3-BF4B-00C04F79EFBC}") = "Util", "..\RT.Util\Src\RT.Util.csproj", "{8D0FE79C-AD8D-475C-9E6F-9CAE85365B5D}"
EndProject
Project("{FAE04EC0-301F-11D3-BF4B-00C04F79EFBC}") = "WrapEqatecAnalytics", "Lib\EQATEC.Analytics\WrapEqatecAnalytics.csproj", "{925037D2-7001-453A-BC80-2B892AADBC41}"
EndProject
Global
	GlobalSection(SolutionConfigurationPlatforms) = preSolution
		DebugConsole|Any CPU = DebugConsole|Any CPU
		DebugWindowless|Any CPU = DebugWindowless|Any CPU
		ReleaseConsole|Any CPU = ReleaseConsole|Any CPU
		ReleaseWindowless|Any CPU = ReleaseWindowless|Any CPU
	EndGlobalSection
	GlobalSection(ProjectConfigurationPlatforms) = postSolution
		{2F9AA366-D5E7-41D5-84C9-5E6F2BE47BB1}.DebugConsole|Any CPU.ActiveCfg = DebugConsole|Any CPU
		{2F9AA366-D5E7-41D5-84C9-5E6F2BE47BB1}.DebugConsole|Any CPU.Build.0 = DebugConsole|Any CPU
		{2F9AA366-D5E7-41D5-84C9-5E6F2BE47BB1}.DebugWindowless|Any CPU.ActiveCfg = DebugWindowless|Any CPU
		{2F9AA366-D5E7-41D5-84C9-5E6F2BE47BB1}.DebugWindowless|Any CPU.Build.0 = DebugWindowless|Any CPU
		{2F9AA366-D5E7-41D5-84C9-5E6F2BE47BB1}.ReleaseConsole|Any CPU.ActiveCfg = ReleaseConsole|Any CPU
		{2F9AA366-D5E7-41D5-84C9-5E6F2BE47BB1}.ReleaseConsole|Any CPU.Build.0 = ReleaseConsole|Any CPU
		{2F9AA366-D5E7-41D5-84C9-5E6F2BE47BB1}.ReleaseWindowless|Any CPU.ActiveCfg = ReleaseWindowless|Any CPU
		{2F9AA366-D5E7-41D5-84C9-5E6F2BE47BB1}.ReleaseWindowless|Any CPU.Build.0 = ReleaseWindowless|Any CPU
		{8D0FE79C-AD8D-475C-9E6F-9CAE85365B5D}.DebugConsole|Any CPU.ActiveCfg = Debug|Any CPU
		{8D0FE79C-AD8D-475C-9E6F-9CAE85365B5D}.DebugConsole|Any CPU.Build.0 = Debug|Any CPU
		{8D0FE79C-AD8D-475C-9E6F-9CAE85365B5D}.DebugWindowless|Any CPU.ActiveCfg = Debug|Any CPU
		{8D0FE79C-AD8D-475C-9E6F-9CAE85365B5D}.DebugWindowless|Any CPU.Build.0 = Debug|Any CPU
		{8D0FE79C-AD8D-475C-9E6F-9CAE85365B5D}.ReleaseConsole|Any CPU.ActiveCfg = Release|Any CPU
		{8D0FE79C-AD8D-475C-9E6F-9CAE85365B5D}.ReleaseConsole|Any CPU.Build.0 = Release|Any CPU
		{8D0FE79C-AD8D-475C-9E6F-9CAE85365B5D}.ReleaseWindowless|Any CPU.ActiveCfg = Release|Any CPU
		{8D0FE79C-AD8D-475C-9E6F-9CAE85365B5D}.ReleaseWindowless|Any CPU.Build.0 = Release|Any CPU
		{925037D2-7001-453A-BC80-2B892AADBC41}.DebugConsole|Any CPU.ActiveCfg = Debug|Any CPU
		{925037D2-7001-453A-BC80-2B892AADBC41}.DebugConsole|Any CPU.Build.0 = Debug|Any CPU
		{925037D2-7001-453A-BC80-2B892AADBC41}.DebugWindowless|Any CPU.ActiveCfg = Debug|Any CPU
		{925037D2-7001-453A-BC80-2B892AADBC41}.DebugWindowless|Any CPU.Build.0 = Debug|Any CPU
		{925037D2-7001-453A-BC80-2B892AADBC41}.ReleaseConsole|Any CPU.ActiveCfg = Release|Any CPU
		{925037D2-7001-453A-BC80-2B892AADBC41}.ReleaseConsole|Any CPU.Build.0 = Release|Any CPU
		{925037D2-7001-453A-BC80-2B892AADBC41}.ReleaseWindowless|Any CPU.ActiveCfg = Release|Any CPU
		{925037D2-7001-453A-BC80-2B892AADBC41}.ReleaseWindowless|Any CPU.Build.0 = Release|Any CPU
	EndGlobalSection
	GlobalSection(SolutionProperties) = preSolution
		HideSolutionNode = FALSE
	EndGlobalSection
EndGlobal
